
Microsoft Visual Studio Solution File, Format Version 12.00
# Visual Studio Version 17
VisualStudioVersion = 17.14.36915.13 d17.14
MinimumVisualStudioVersion = 10.0.40219.1
Project("{FAE04EC0-301F-11D3-BF4B-00C04F79EFBC}") = "Практическая_работа_4_Краснова_Солодов", "Практическая_работа_4_Краснова_Солодов\Практическая_работа_4_Краснова_Солодов.csproj", "{02652AAC-40B2-4F93-A58F-8937A1F08FBE}"
EndProject
Global
	GlobalSection(SolutionConfigurationPlatforms) = preSolution
		Debug|Any CPU = Debug|Any CPU
		Release|Any CPU = Release|Any CPU
	EndGlobalSection
	GlobalSection(ProjectConfigurationPlatforms) = postSolution
		{02652AAC-40B2-4F93-A58F-8937A1F08FBE}.Debug|Any CPU.ActiveCfg = Debug|Any CPU
		{02652AAC-40B2-4F93-A58F-8937A1F08FBE}.Debug|Any CPU.Build.0 = Debug|Any CPU
		{02652AAC-40B2-4F93-A58F-8937A1F08FBE}.Release|Any CPU.ActiveCfg = Release|Any CPU
		{02652AAC-40B2-4F93-A58F-8937A1F08FBE}.Release|Any CPU.Build.0 = Release|Any CPU
	EndGlobalSection
	GlobalSection(SolutionProperties) = preSolution
		HideSolutionNode = FALSE
	EndGlobalSection
	GlobalSection(ExtensibilityGlobals) = postSolution
		SolutionGuid = {AFFCA729-C90F-432C-BACE-C80BCFE1790B}
	EndGlobalSection
EndGlobal
